
Microsoft Visual Studio Solution File, Format Version 12.00
# Visual Studio Version 17
VisualStudioVersion = 17.7.34202.233
MinimumVisualStudioVersion = 10.0.40219.1
Project("{FAE04EC0-301F-11D3-BF4B-00C04F79EFBC}") = "School Management system", "School Management system\School Management system.csproj", "{134E2C1B-60EE-4D6F-8B04-4A1EE5388BC8}"
EndProject
Global
	GlobalSection(SolutionConfigurationPlatforms) = preSolution
		Debug|Any CPU = Debug|Any CPU
		Release|Any CPU = Release|Any CPU
	EndGlobalSection
	GlobalSection(ProjectConfigurationPlatforms) = postSolution
		{134E2C1B-60EE-4D6F-8B04-4A1EE5388BC8}.Debug|Any CPU.ActiveCfg = Debug|Any CPU
		{134E2C1B-60EE-4D6F-8B04-4A1EE5388BC8}.Debug|Any CPU.Build.0 = Debug|Any CPU
		{134E2C1B-60EE-4D6F-8B04-4A1EE5388BC8}.Release|Any CPU.ActiveCfg = Release|Any CPU
		{134E2C1B-60EE-4D6F-8B04-4A1EE5388BC8}.Release|Any CPU.Build.0 = Release|Any CPU
	EndGlobalSection
	GlobalSection(SolutionProperties) = preSolution
		HideSolutionNode = FALSE
	EndGlobalSection
	GlobalSection(ExtensibilityGlobals) = postSolution
		SolutionGuid = {1AA997C1-4920-4F82-BC4F-30CCC68AA3AC}
	EndGlobalSection
EndGlobal
